// !$*UTF8*$!
{
	archiveVersion = 1;
	classes = {
	};
	objectVersion = 46;
	objects = {

/* Begin PBXBuildFile section */
		17D736EC1E69A205005AD265 /* MainViewController.swift in Sources */ = {isa = PBXBuildFile; fileRef = 17D736EA1E69A205005AD265 /* MainViewController.swift */; };
		17D736ED1E69A205005AD265 /* MainViewController.xib in Resources */ = {isa = PBXBuildFile; fileRef = 17D736EB1E69A205005AD265 /* MainViewController.xib */; };
		17D736F61E69AA56005AD265 /* QHActivityViewController.swift in Sources */ = {isa = PBXBuildFile; fileRef = 17D736F41E69AA56005AD265 /* QHActivityViewController.swift */; };
		17D736F71E69AA56005AD265 /* QHActivityViewController.xib in Resources */ = {isa = PBXBuildFile; fileRef = 17D736F51E69AA56005AD265 /* QHActivityViewController.xib */; };
		17D736FA1E69B05F005AD265 /* QHProfileViewController.swift in Sources */ = {isa = PBXBuildFile; fileRef = 17D736F81E69B05F005AD265 /* QHProfileViewController.swift */; };
		17D736FB1E69B05F005AD265 /* QHProfileViewController.xib in Resources */ = {isa = PBXBuildFile; fileRef = 17D736F91E69B05F005AD265 /* QHProfileViewController.xib */; };
		17D7370E1E69C19A005AD265 /* QHLoginViewController.swift in Sources */ = {isa = PBXBuildFile; fileRef = 17D7370C1E69C19A005AD265 /* QHLoginViewController.swift */; };
		17D7370F1E69C19A005AD265 /* QHLoginViewController.xib in Resources */ = {isa = PBXBuildFile; fileRef = 17D7370D1E69C19A005AD265 /* QHLoginViewController.xib */; };
		17D737121E69C945005AD265 /* QHProfileContinueViewController.swift in Sources */ = {isa = PBXBuildFile; fileRef = 17D737101E69C945005AD265 /* QHProfileContinueViewController.swift */; };
		17D737131E69C945005AD265 /* QHProfileContinueViewController.xib in Resources */ = {isa = PBXBuildFile; fileRef = 17D737111E69C945005AD265 /* QHProfileContinueViewController.xib */; };
		17F5A8841E69929600A20B28 /* AppDelegate.swift in Sources */ = {isa = PBXBuildFile; fileRef = 17F5A8831E69929600A20B28 /* AppDelegate.swift */; };
		17F5A8861E69929600A20B28 /* FirstViewController.swift in Sources */ = {isa = PBXBuildFile; fileRef = 17F5A8851E69929600A20B28 /* FirstViewController.swift */; };
		17F5A8881E69929600A20B28 /* SecondViewController.swift in Sources */ = {isa = PBXBuildFile; fileRef = 17F5A8871E69929600A20B28 /* SecondViewController.swift */; };
		17F5A88D1E69929600A20B28 /* Assets.xcassets in Resources */ = {isa = PBXBuildFile; fileRef = 17F5A88C1E69929600A20B28 /* Assets.xcassets */; };
		17F5A8901E69929600A20B28 /* LaunchScreen.storyboard in Resources */ = {isa = PBXBuildFile; fileRef = 17F5A88E1E69929600A20B28 /* LaunchScreen.storyboard */; };
		220C17681E69A532001C578E /* FirstViewController.xib in Resources */ = {isa = PBXBuildFile; fileRef = 220C17671E69A532001C578E /* FirstViewController.xib */; };
		220C176A1E69A53D001C578E /* SecondViewController.xib in Resources */ = {isa = PBXBuildFile; fileRef = 220C17691E69A53D001C578E /* SecondViewController.xib */; };
		CCEDD931846C1EBB5983906C /* Pods_QHealth.framework in Frameworks */ = {isa = PBXBuildFile; fileRef = 5DC0FBE7487129E3CF1D2924 /* Pods_QHealth.framework */; };
		FB00C8FB1E69A3CB0076316C /* UserAgreeViewController.swift in Sources */ = {isa = PBXBuildFile; fileRef = FB00C8F91E69A3CB0076316C /* UserAgreeViewController.swift */; };
		FB00C8FC1E69A3CB0076316C /* UserAgreeViewController.xib in Resources */ = {isa = PBXBuildFile; fileRef = FB00C8FA1E69A3CB0076316C /* UserAgreeViewController.xib */; };
		FB00C8FF1E69A8D40076316C /* CacheManager.swift in Sources */ = {isa = PBXBuildFile; fileRef = FB00C8FE1E69A8D40076316C /* CacheManager.swift */; };
		FB00C9021E69A8F50076316C /* Utilities.swift in Sources */ = {isa = PBXBuildFile; fileRef = FB00C9011E69A8F50076316C /* Utilities.swift */; };
		FB00C9081E69AA6B0076316C /* Constants.swift in Sources */ = {isa = PBXBuildFile; fileRef = FB00C9071E69AA6B0076316C /* Constants.swift */; };
		FBAF64C41E69AF0C0053CC3B /* Setting.plist in Resources */ = {isa = PBXBuildFile; fileRef = FBAF64C31E69AF0C0053CC3B /* Setting.plist */; };
/* End PBXBuildFile section */

/* Begin PBXFileReference section */
		17D736EA1E69A205005AD265 /* MainViewController.swift */ = {isa = PBXFileReference; fileEncoding = 4; lastKnownFileType = sourcecode.swift; path = MainViewController.swift; sourceTree = "<group>"; };
		17D736EB1E69A205005AD265 /* MainViewController.xib */ = {isa = PBXFileReference; fileEncoding = 4; lastKnownFileType = file.xib; path = MainViewController.xib; sourceTree = "<group>"; };
		17D736F41E69AA56005AD265 /* QHActivityViewController.swift */ = {isa = PBXFileReference; fileEncoding = 4; lastKnownFileType = sourcecode.swift; path = QHActivityViewController.swift; sourceTree = "<group>"; };
		17D736F51E69AA56005AD265 /* QHActivityViewController.xib */ = {isa = PBXFileReference; fileEncoding = 4; lastKnownFileType = file.xib; path = QHActivityViewController.xib; sourceTree = "<group>"; };
		17D736F81E69B05F005AD265 /* QHProfileViewController.swift */ = {isa = PBXFileReference; fileEncoding = 4; lastKnownFileType = sourcecode.swift; path = QHProfileViewController.swift; sourceTree = "<group>"; };
		17D736F91E69B05F005AD265 /* QHProfileViewController.xib */ = {isa = PBXFileReference; fileEncoding = 4; lastKnownFileType = file.xib; path = QHProfileViewController.xib; sourceTree = "<group>"; };
		17D7370C1E69C19A005AD265 /* QHLoginViewController.swift */ = {isa = PBXFileReference; fileEncoding = 4; lastKnownFileType = sourcecode.swift; path = QHLoginViewController.swift; sourceTree = "<group>"; };
		17D7370D1E69C19A005AD265 /* QHLoginViewController.xib */ = {isa = PBXFileReference; fileEncoding = 4; lastKnownFileType = file.xib; path = QHLoginViewController.xib; sourceTree = "<group>"; };
		17D737101E69C945005AD265 /* QHProfileContinueViewController.swift */ = {isa = PBXFileReference; fileEncoding = 4; lastKnownFileType = sourcecode.swift; path = QHProfileContinueViewController.swift; sourceTree = "<group>"; };
		17D737111E69C945005AD265 /* QHProfileContinueViewController.xib */ = {isa = PBXFileReference; fileEncoding = 4; lastKnownFileType = file.xib; path = QHProfileContinueViewController.xib; sourceTree = "<group>"; };
		17F5A8801E69929600A20B28 /* QHealth.app */ = {isa = PBXFileReference; explicitFileType = wrapper.application; includeInIndex = 0; path = QHealth.app; sourceTree = BUILT_PRODUCTS_DIR; };
		17F5A8831E69929600A20B28 /* AppDelegate.swift */ = {isa = PBXFileReference; lastKnownFileType = sourcecode.swift; path = AppDelegate.swift; sourceTree = "<group>"; };
		17F5A8851E69929600A20B28 /* FirstViewController.swift */ = {isa = PBXFileReference; lastKnownFileType = sourcecode.swift; path = FirstViewController.swift; sourceTree = "<group>"; };
		17F5A8871E69929600A20B28 /* SecondViewController.swift */ = {isa = PBXFileReference; lastKnownFileType = sourcecode.swift; path = SecondViewController.swift; sourceTree = "<group>"; };
		17F5A88C1E69929600A20B28 /* Assets.xcassets */ = {isa = PBXFileReference; lastKnownFileType = folder.assetcatalog; path = Assets.xcassets; sourceTree = "<group>"; };
		17F5A88F1E69929600A20B28 /* Base */ = {isa = PBXFileReference; lastKnownFileType = file.storyboard; name = Base; path = Base.lproj/LaunchScreen.storyboard; sourceTree = "<group>"; };
		17F5A8911E69929600A20B28 /* Info.plist */ = {isa = PBXFileReference; lastKnownFileType = text.plist.xml; path = Info.plist; sourceTree = "<group>"; };
		220C17671E69A532001C578E /* FirstViewController.xib */ = {isa = PBXFileReference; fileEncoding = 4; lastKnownFileType = file.xib; path = FirstViewController.xib; sourceTree = "<group>"; };
		220C17691E69A53D001C578E /* SecondViewController.xib */ = {isa = PBXFileReference; fileEncoding = 4; lastKnownFileType = file.xib; path = SecondViewController.xib; sourceTree = "<group>"; };
		3ABF91B07E3E65AA6F4E361B /* Pods-QHealth.debug.xcconfig */ = {isa = PBXFileReference; includeInIndex = 1; lastKnownFileType = text.xcconfig; name = "Pods-QHealth.debug.xcconfig"; path = "Pods/Target Support Files/Pods-QHealth/Pods-QHealth.debug.xcconfig"; sourceTree = "<group>"; };
		5DC0FBE7487129E3CF1D2924 /* Pods_QHealth.framework */ = {isa = PBXFileReference; explicitFileType = wrapper.framework; includeInIndex = 0; path = Pods_QHealth.framework; sourceTree = BUILT_PRODUCTS_DIR; };
		FB00C8F91E69A3CB0076316C /* UserAgreeViewController.swift */ = {isa = PBXFileReference; fileEncoding = 4; lastKnownFileType = sourcecode.swift; path = UserAgreeViewController.swift; sourceTree = "<group>"; };
		FB00C8FA1E69A3CB0076316C /* UserAgreeViewController.xib */ = {isa = PBXFileReference; fileEncoding = 4; lastKnownFileType = file.xib; path = UserAgreeViewController.xib; sourceTree = "<group>"; };
		FB00C8FE1E69A8D40076316C /* CacheManager.swift */ = {isa = PBXFileReference; fileEncoding = 4; lastKnownFileType = sourcecode.swift; path = CacheManager.swift; sourceTree = "<group>"; };
		FB00C9011E69A8F50076316C /* Utilities.swift */ = {isa = PBXFileReference; fileEncoding = 4; lastKnownFileType = sourcecode.swift; path = Utilities.swift; sourceTree = "<group>"; };
		FB00C9071E69AA6B0076316C /* Constants.swift */ = {isa = PBXFileReference; fileEncoding = 4; lastKnownFileType = sourcecode.swift; path = Constants.swift; sourceTree = "<group>"; };
		FB7282999EAD3F6BE56B43A4 /* Pods-QHealth.release.xcconfig */ = {isa = PBXFileReference; includeInIndex = 1; lastKnownFileType = text.xcconfig; name = "Pods-QHealth.release.xcconfig"; path = "Pods/Target Support Files/Pods-QHealth/Pods-QHealth.release.xcconfig"; sourceTree = "<group>"; };
		FBAF64C31E69AF0C0053CC3B /* Setting.plist */ = {isa = PBXFileReference; fileEncoding = 4; lastKnownFileType = text.plist.xml; name = Setting.plist; path = ../Setting.plist; sourceTree = "<group>"; };
/* End PBXFileReference section */

/* Begin PBXFrameworksBuildPhase section */
		17F5A87D1E69929500A20B28 /* Frameworks */ = {
			isa = PBXFrameworksBuildPhase;
			buildActionMask = 2147483647;
			files = (
				CCEDD931846C1EBB5983906C /* Pods_QHealth.framework in Frameworks */,
			);
			runOnlyForDeploymentPostprocessing = 0;
		};
/* End PBXFrameworksBuildPhase section */

/* Begin PBXGroup section */
		17D7370A1E69C171005AD265 /* Profile */ = {
			isa = PBXGroup;
			children = (
				17D736F81E69B05F005AD265 /* QHProfileViewController.swift */,
				17D736F91E69B05F005AD265 /* QHProfileViewController.xib */,
				17D737101E69C945005AD265 /* QHProfileContinueViewController.swift */,
				17D737111E69C945005AD265 /* QHProfileContinueViewController.xib */,
			);
			name = Profile;
			sourceTree = "<group>";
		};
		17D7370B1E69C180005AD265 /* Login */ = {
			isa = PBXGroup;
			children = (
				17D7370C1E69C19A005AD265 /* QHLoginViewController.swift */,
				17D7370D1E69C19A005AD265 /* QHLoginViewController.xib */,
			);
			name = Login;
			sourceTree = "<group>";
		};
		17F5A8771E69929500A20B28 = {
			isa = PBXGroup;
			children = (
				17F5A8821E69929600A20B28 /* QHealth */,
				17F5A8811E69929600A20B28 /* Products */,
				E75BCEF3FFE09F5C537BDD0B /* Pods */,
				CA305929D1465547F249E113 /* Frameworks */,
			);
			sourceTree = "<group>";
		};
		17F5A8811E69929600A20B28 /* Products */ = {
			isa = PBXGroup;
			children = (
				17F5A8801E69929600A20B28 /* QHealth.app */,
			);
			name = Products;
			sourceTree = "<group>";
		};
		17F5A8821E69929600A20B28 /* QHealth */ = {
			isa = PBXGroup;
			children = (
				17D7370B1E69C180005AD265 /* Login */,
				17D7370A1E69C171005AD265 /* Profile */,
				FB00C9001E69A8E80076316C /* Utilities */,
				FB00C8FD1E69A8CA0076316C /* Cache Manager */,
				FB00C8F81E69A38A0076316C /* Custom Views */,
				17F5A8831E69929600A20B28 /* AppDelegate.swift */,
				17F5A8851E69929600A20B28 /* FirstViewController.swift */,
				220C17671E69A532001C578E /* FirstViewController.xib */,
				17F5A8871E69929600A20B28 /* SecondViewController.swift */,
				220C17691E69A53D001C578E /* SecondViewController.xib */,
				17F5A88C1E69929600A20B28 /* Assets.xcassets */,
				17F5A88E1E69929600A20B28 /* LaunchScreen.storyboard */,
				17F5A8911E69929600A20B28 /* Info.plist */,
				17D736EA1E69A205005AD265 /* MainViewController.swift */,
				17D736EB1E69A205005AD265 /* MainViewController.xib */,
				17D736F41E69AA56005AD265 /* QHActivityViewController.swift */,
				17D736F51E69AA56005AD265 /* QHActivityViewController.xib */,
				FB00C9061E69A9C20076316C /* View controllers */,
				FB00C9031E69A9520076316C /* Supporting flies */,
			);
			path = QHealth;
			sourceTree = "<group>";
		};
		CA305929D1465547F249E113 /* Frameworks */ = {
			isa = PBXGroup;
			children = (
				5DC0FBE7487129E3CF1D2924 /* Pods_QHealth.framework */,
			);
			name = Frameworks;
			sourceTree = "<group>";
		};
		E75BCEF3FFE09F5C537BDD0B /* Pods */ = {
			isa = PBXGroup;
			children = (
				3ABF91B07E3E65AA6F4E361B /* Pods-QHealth.debug.xcconfig */,
				FB7282999EAD3F6BE56B43A4 /* Pods-QHealth.release.xcconfig */,
			);
			name = Pods;
			sourceTree = "<group>";
		};
		FB00C8F81E69A38A0076316C /* Custom Views */ = {
			isa = PBXGroup;
			children = (
				FB00C8F91E69A3CB0076316C /* UserAgreeViewController.swift */,
				FB00C8FA1E69A3CB0076316C /* UserAgreeViewController.xib */,
			);
			name = "Custom Views";
			sourceTree = "<group>";
		};
		FB00C8FD1E69A8CA0076316C /* Cache Manager */ = {
			isa = PBXGroup;
			children = (
				FB00C8FE1E69A8D40076316C /* CacheManager.swift */,
			);
			name = "Cache Manager";
			sourceTree = "<group>";
		};
		FB00C9001E69A8E80076316C /* Utilities */ = {
			isa = PBXGroup;
			children = (
				FB00C9011E69A8F50076316C /* Utilities.swift */,
				FB00C9071E69AA6B0076316C /* Constants.swift */,
			);
			name = Utilities;
			sourceTree = "<group>";
		};
		FB00C9031E69A9520076316C /* Supporting flies */ = {
			isa = PBXGroup;
			children = (
				FBAF64C31E69AF0C0053CC3B /* Setting.plist */,
			);
			name = "Supporting flies";
			sourceTree = "<group>";
		};
		FB00C9061E69A9C20076316C /* View controllers */ = {
			isa = PBXGroup;
			children = (
			);
			name = "View controllers";
			sourceTree = "<group>";
		};
/* End PBXGroup section */

/* Begin PBXNativeTarget section */
		17F5A87F1E69929500A20B28 /* QHealth */ = {
			isa = PBXNativeTarget;
			buildConfigurationList = 17F5A8941E69929600A20B28 /* Build configuration list for PBXNativeTarget "QHealth" */;
			buildPhases = (
				DEEB9C17C440D653DF47C33B /* [CP] Check Pods Manifest.lock */,
				17F5A87C1E69929500A20B28 /* Sources */,
				17F5A87D1E69929500A20B28 /* Frameworks */,
				17F5A87E1E69929500A20B28 /* Resources */,
				EB17FF99CC7E43A13F4B05C9 /* [CP] Embed Pods Frameworks */,
				0F5D681363454B9C07094A3B /* [CP] Copy Pods Resources */,
			);
			buildRules = (
			);
			dependencies = (
			);
			name = QHealth;
			productName = QHealth;
			productReference = 17F5A8801E69929600A20B28 /* QHealth.app */;
			productType = "com.apple.product-type.application";
		};
/* End PBXNativeTarget section */

/* Begin PBXProject section */
		17F5A8781E69929500A20B28 /* Project object */ = {
			isa = PBXProject;
			attributes = {
				LastSwiftUpdateCheck = 0820;
				LastUpgradeCheck = 0820;
				ORGANIZATIONNAME = Anand;
				TargetAttributes = {
					17F5A87F1E69929500A20B28 = {
						CreatedOnToolsVersion = 8.2.1;
						DevelopmentTeam = 59HE2747R8;
						ProvisioningStyle = Automatic;
					};
				};
			};
			buildConfigurationList = 17F5A87B1E69929500A20B28 /* Build configuration list for PBXProject "QHealth" */;
			compatibilityVersion = "Xcode 3.2";
			developmentRegion = English;
			hasScannedForEncodings = 0;
			knownRegions = (
				en,
				Base,
			);
			mainGroup = 17F5A8771E69929500A20B28;
			productRefGroup = 17F5A8811E69929600A20B28 /* Products */;
			projectDirPath = "";
			projectRoot = "";
			targets = (
				17F5A87F1E69929500A20B28 /* QHealth */,
			);
		};
/* End PBXProject section */

/* Begin PBXResourcesBuildPhase section */
		17F5A87E1E69929500A20B28 /* Resources */ = {
			isa = PBXResourcesBuildPhase;
			buildActionMask = 2147483647;
			files = (
				FBAF64C41E69AF0C0053CC3B /* Setting.plist in Resources */,
				17D7370F1E69C19A005AD265 /* QHLoginViewController.xib in Resources */,
				17F5A8901E69929600A20B28 /* LaunchScreen.storyboard in Resources */,
				17D736ED1E69A205005AD265 /* MainViewController.xib in Resources */,
				17D736F71E69AA56005AD265 /* QHActivityViewController.xib in Resources */,
				FB00C8FC1E69A3CB0076316C /* UserAgreeViewController.xib in Resources */,
				17F5A88D1E69929600A20B28 /* Assets.xcassets in Resources */,
				17D736FB1E69B05F005AD265 /* QHProfileViewController.xib in Resources */,
				17D737131E69C945005AD265 /* QHProfileContinueViewController.xib in Resources */,
				220C17681E69A532001C578E /* FirstViewController.xib in Resources */,
				220C176A1E69A53D001C578E /* SecondViewController.xib in Resources */,
			);
			runOnlyForDeploymentPostprocessing = 0;
		};
/* End PBXResourcesBuildPhase section */

/* Begin PBXShellScriptBuildPhase section */
		0F5D681363454B9C07094A3B /* [CP] Copy Pods Resources */ = {
			isa = PBXShellScriptBuildPhase;
			buildActionMask = 2147483647;
			files = (
			);
			inputPaths = (
			);
			name = "[CP] Copy Pods Resources";
			outputPaths = (
			);
			runOnlyForDeploymentPostprocessing = 0;
			shellPath = /bin/sh;
			shellScript = "\"${SRCROOT}/Pods/Target Support Files/Pods-QHealth/Pods-QHealth-resources.sh\"\n";
			showEnvVarsInLog = 0;
		};
		DEEB9C17C440D653DF47C33B /* [CP] Check Pods Manifest.lock */ = {
			isa = PBXShellScriptBuildPhase;
			buildActionMask = 2147483647;
			files = (
			);
			inputPaths = (
			);
			name = "[CP] Check Pods Manifest.lock";
			outputPaths = (
			);
			runOnlyForDeploymentPostprocessing = 0;
			shellPath = /bin/sh;
			shellScript = "diff \"${PODS_ROOT}/../Podfile.lock\" \"${PODS_ROOT}/Manifest.lock\" > /dev/null\nif [ $? != 0 ] ; then\n    # print error to STDERR\n    echo \"error: The sandbox is not in sync with the Podfile.lock. Run 'pod install' or update your CocoaPods installation.\" >&2\n    exit 1\nfi\n";
			showEnvVarsInLog = 0;
		};
		EB17FF99CC7E43A13F4B05C9 /* [CP] Embed Pods Frameworks */ = {
			isa = PBXShellScriptBuildPhase;
			buildActionMask = 2147483647;
			files = (
			);
			inputPaths = (
			);
			name = "[CP] Embed Pods Frameworks";
			outputPaths = (
			);
			runOnlyForDeploymentPostprocessing = 0;
			shellPath = /bin/sh;
			shellScript = "\"${SRCROOT}/Pods/Target Support Files/Pods-QHealth/Pods-QHealth-frameworks.sh\"\n";
			showEnvVarsInLog = 0;
		};
/* End PBXShellScriptBuildPhase section */

/* Begin PBXSourcesBuildPhase section */
		17F5A87C1E69929500A20B28 /* Sources */ = {
			isa = PBXSourcesBuildPhase;
			buildActionMask = 2147483647;
			files = (
				17D736F61E69AA56005AD265 /* QHActivityViewController.swift in Sources */,
				17D736FA1E69B05F005AD265 /* QHProfileViewController.swift in Sources */,
				17D737121E69C945005AD265 /* QHProfileContinueViewController.swift in Sources */,
				17F5A8881E69929600A20B28 /* SecondViewController.swift in Sources */,
				17F5A8841E69929600A20B28 /* AppDelegate.swift in Sources */,
				FB00C9021E69A8F50076316C /* Utilities.swift in Sources */,
				FB00C8FB1E69A3CB0076316C /* UserAgreeViewController.swift in Sources */,
				17F5A8861E69929600A20B28 /* FirstViewController.swift in Sources */,
				17D7370E1E69C19A005AD265 /* QHLoginViewController.swift in Sources */,
				FB00C8FF1E69A8D40076316C /* CacheManager.swift in Sources */,
				17D736EC1E69A205005AD265 /* MainViewController.swift in Sources */,
				FB00C9081E69AA6B0076316C /* Constants.swift in Sources */,
			);
			runOnlyForDeploymentPostprocessing = 0;
		};
/* End PBXSourcesBuildPhase section */

/* Begin PBXVariantGroup section */
		17F5A88E1E69929600A20B28 /* LaunchScreen.storyboard */ = {
			isa = PBXVariantGroup;
			children = (
				17F5A88F1E69929600A20B28 /* Base */,
			);
			name = LaunchScreen.storyboard;
			sourceTree = "<group>";
		};
/* End PBXVariantGroup section */

/* Begin XCBuildConfiguration section */
		17F5A8921E69929600A20B28 /* Debug */ = {
			isa = XCBuildConfiguration;
			buildSettings = {
				ALWAYS_SEARCH_USER_PATHS = NO;
				CLANG_ANALYZER_NONNULL = YES;
				CLANG_CXX_LANGUAGE_STANDARD = "gnu++0x";
				CLANG_CXX_LIBRARY = "libc++";
				CLANG_ENABLE_MODULES = YES;
				CLANG_ENABLE_OBJC_ARC = YES;
				CLANG_WARN_BOOL_CONVERSION = YES;
				CLANG_WARN_CONSTANT_CONVERSION = YES;
				CLANG_WARN_DIRECT_OBJC_ISA_USAGE = YES_ERROR;
				CLANG_WARN_DOCUMENTATION_COMMENTS = YES;
				CLANG_WARN_EMPTY_BODY = YES;
				CLANG_WARN_ENUM_CONVERSION = YES;
				CLANG_WARN_INFINITE_RECURSION = YES;
				CLANG_WARN_INT_CONVERSION = YES;
				CLANG_WARN_OBJC_ROOT_CLASS = YES_ERROR;
				CLANG_WARN_SUSPICIOUS_MOVE = YES;
				CLANG_WARN_UNREACHABLE_CODE = YES;
				CLANG_WARN__DUPLICATE_METHOD_MATCH = YES;
				"CODE_SIGN_IDENTITY[sdk=iphoneos*]" = "iPhone Developer";
				COPY_PHASE_STRIP = NO;
				DEBUG_INFORMATION_FORMAT = dwarf;
				ENABLE_STRICT_OBJC_MSGSEND = YES;
				ENABLE_TESTABILITY = YES;
				GCC_C_LANGUAGE_STANDARD = gnu99;
				GCC_DYNAMIC_NO_PIC = NO;
				GCC_NO_COMMON_BLOCKS = YES;
				GCC_OPTIMIZATION_LEVEL = 0;
				GCC_PREPROCESSOR_DEFINITIONS = (
					"DEBUG=1",
					"$(inherited)",
				);
				GCC_WARN_64_TO_32_BIT_CONVERSION = YES;
				GCC_WARN_ABOUT_RETURN_TYPE = YES_ERROR;
				GCC_WARN_UNDECLARED_SELECTOR = YES;
				GCC_WARN_UNINITIALIZED_AUTOS = YES_AGGRESSIVE;
				GCC_WARN_UNUSED_FUNCTION = YES;
				GCC_WARN_UNUSED_VARIABLE = YES;
				IPHONEOS_DEPLOYMENT_TARGET = 10.2;
				MTL_ENABLE_DEBUG_INFO = YES;
				ONLY_ACTIVE_ARCH = YES;
				SDKROOT = iphoneos;
				SWIFT_ACTIVE_COMPILATION_CONDITIONS = DEBUG;
				SWIFT_OPTIMIZATION_LEVEL = "-Onone";
			};
			name = Debug;
		};
		17F5A8931E69929600A20B28 /* Release */ = {
			isa = XCBuildConfiguration;
			buildSettings = {
				ALWAYS_SEARCH_USER_PATHS = NO;
				CLANG_ANALYZER_NONNULL = YES;
				CLANG_CXX_LANGUAGE_STANDARD = "gnu++0x";
				CLANG_CXX_LIBRARY = "libc++";
				CLANG_ENABLE_MODULES = YES;
				CLANG_ENABLE_OBJC_ARC = YES;
				CLANG_WARN_BOOL_CONVERSION = YES;
				CLANG_WARN_CONSTANT_CONVERSION = YES;
				CLANG_WARN_DIRECT_OBJC_ISA_USAGE = YES_ERROR;
				CLANG_WARN_DOCUMENTATION_COMMENTS = YES;
				CLANG_WARN_EMPTY_BODY = YES;
				CLANG_WARN_ENUM_CONVERSION = YES;
				CLANG_WARN_INFINITE_RECURSION = YES;
				CLANG_WARN_INT_CONVERSION = YES;
				CLANG_WARN_OBJC_ROOT_CLASS = YES_ERROR;
				CLANG_WARN_SUSPICIOUS_MOVE = YES;
				CLANG_WARN_UNREACHABLE_CODE = YES;
				CLANG_WARN__DUPLICATE_METHOD_MATCH = YES;
				"CODE_SIGN_IDENTITY[sdk=iphoneos*]" = "iPhone Developer";
				COPY_PHASE_STRIP = NO;
				DEBUG_INFORMATION_FORMAT = "dwarf-with-dsym";
				ENABLE_NS_ASSERTIONS = NO;
				ENABLE_STRICT_OBJC_MSGSEND = YES;
				GCC_C_LANGUAGE_STANDARD = gnu99;
				GCC_NO_COMMON_BLOCKS = YES;
				GCC_WARN_64_TO_32_BIT_CONVERSION = YES;
				GCC_WARN_ABOUT_RETURN_TYPE = YES_ERROR;
				GCC_WARN_UNDECLARED_SELECTOR = YES;
				GCC_WARN_UNINITIALIZED_AUTOS = YES_AGGRESSIVE;
				GCC_WARN_UNUSED_FUNCTION = YES;
				GCC_WARN_UNUSED_VARIABLE = YES;
				IPHONEOS_DEPLOYMENT_TARGET = 10.2;
				MTL_ENABLE_DEBUG_INFO = NO;
				SDKROOT = iphoneos;
				SWIFT_OPTIMIZATION_LEVEL = "-Owholemodule";
				VALIDATE_PRODUCT = YES;
			};
			name = Release;
		};
		17F5A8951E69929600A20B28 /* Debug */ = {
			isa = XCBuildConfiguration;
			baseConfigurationReference = 3ABF91B07E3E65AA6F4E361B /* Pods-QHealth.debug.xcconfig */;
			buildSettings = {
				ASSETCATALOG_COMPILER_APPICON_NAME = AppIcon;
				DEVELOPMENT_TEAM = 59HE2747R8;
				INFOPLIST_FILE = QHealth/Info.plist;
				LD_RUNPATH_SEARCH_PATHS = "$(inherited) @executable_path/Frameworks";
				PRODUCT_BUNDLE_IDENTIFIER = com.qatar.QHealth;
				PRODUCT_NAME = "$(TARGET_NAME)";
				SWIFT_VERSION = 3.0;
			};
			name = Debug;
		};
		17F5A8961E69929600A20B28 /* Release */ = {
			isa = XCBuildConfiguration;
			baseConfigurationReference = FB7282999EAD3F6BE56B43A4 /* Pods-QHealth.release.xcconfig */;
			buildSettings = {
				ASSETCATALOG_COMPILER_APPICON_NAME = AppIcon;
				DEVELOPMENT_TEAM = 59HE2747R8;
				INFOPLIST_FILE = QHealth/Info.plist;
				LD_RUNPATH_SEARCH_PATHS = "$(inherited) @executable_path/Frameworks";
				PRODUCT_BUNDLE_IDENTIFIER = com.qatar.QHealth;
				PRODUCT_NAME = "$(TARGET_NAME)";
				SWIFT_VERSION = 3.0;
			};
			name = Release;
		};
/* End XCBuildConfiguration section */

/* Begin XCConfigurationList section */
		17F5A87B1E69929500A20B28 /* Build configuration list for PBXProject "QHealth" */ = {
			isa = XCConfigurationList;
			buildConfigurations = (
				17F5A8921E69929600A20B28 /* Debug */,
				17F5A8931E69929600A20B28 /* Release */,
			);
			defaultConfigurationIsVisible = 0;
			defaultConfigurationName = Release;
		};
		17F5A8941E69929600A20B28 /* Build configuration list for PBXNativeTarget "QHealth" */ = {
			isa = XCConfigurationList;
			buildConfigurations = (
				17F5A8951E69929600A20B28 /* Debug */,
				17F5A8961E69929600A20B28 /* Release */,
			);
			defaultConfigurationIsVisible = 0;
			defaultConfigurationName = Release;
		};
/* End XCConfigurationList section */
	};
	rootObject = 17F5A8781E69929500A20B28 /* Project object */;
}
